{
  "requires": true,
  "lockfileVersion": 1,
  "dependencies": {
    "micromustache": {
      "version": "6.1.1",
      "resolved": "https://registry.npmjs.org/micromustache/-/micromustache-6.1.1.tgz",
      "integrity": "sha512-iGhty2NYPTNOIf7WN6moq1c1qQi9yc1uD+Qx9a/QDLRc1WGBLXVc1u6or2C5xKIOeQP/Tar/RNhAT9fBNZs2rA=="
    }
  }
}
